
Microsoft Visual Studio Solution File, Format Version 12.00
# Visual Studio Version 16
VisualStudioVersion = 16.0.30114.105
MinimumVisualStudioVersion = 10.0.40219.1
Project("{FAE04EC0-301F-11D3-BF4B-00C04F79EFBC}") = "AnimalShelter.ConsoleApp", "AnimalShelter.ConsoleApp\AnimalShelter.ConsoleApp.csproj", "{385FAC9B-B0EA-4672-88DF-6B507079B89C}"
EndProject
Project("{FAE04EC0-301F-11D3-BF4B-00C04F79EFBC}") = "AnimalShelter.Repository", "AnimalShelter.Repository\AnimalShelter.Repository.csproj", "{8DE99F28-BB05-4C07-8B1E-A2DA4B037B70}"
EndProject
Global
	GlobalSection(SolutionConfigurationPlatforms) = preSolution
		Debug|Any CPU = Debug|Any CPU
		Release|Any CPU = Release|Any CPU
	EndGlobalSection
	GlobalSection(SolutionProperties) = preSolution
		HideSolutionNode = FALSE
	EndGlobalSection
	GlobalSection(ProjectConfigurationPlatforms) = postSolution
		{385FAC9B-B0EA-4672-88DF-6B507079B89C}.Debug|Any CPU.ActiveCfg = Debug|Any CPU
		{385FAC9B-B0EA-4672-88DF-6B507079B89C}.Debug|Any CPU.Build.0 = Debug|Any CPU
		{385FAC9B-B0EA-4672-88DF-6B507079B89C}.Release|Any CPU.ActiveCfg = Release|Any CPU
		{385FAC9B-B0EA-4672-88DF-6B507079B89C}.Release|Any CPU.Build.0 = Release|Any CPU
		{8DE99F28-BB05-4C07-8B1E-A2DA4B037B70}.Debug|Any CPU.ActiveCfg = Debug|Any CPU
		{8DE99F28-BB05-4C07-8B1E-A2DA4B037B70}.Debug|Any CPU.Build.0 = Debug|Any CPU
		{8DE99F28-BB05-4C07-8B1E-A2DA4B037B70}.Release|Any CPU.ActiveCfg = Release|Any CPU
		{8DE99F28-BB05-4C07-8B1E-A2DA4B037B70}.Release|Any CPU.Build.0 = Release|Any CPU
	EndGlobalSection
EndGlobal
